// !$*UTF8*$!
{
	archiveVersion = 1;
	classes = {
	};
	objectVersion = 55;
	objects = {

/* Begin PBXBuildFile section */
		4C66FEF2282C6AA60062407F /* AppDelegate.swift in Sources */ = {isa = PBXBuildFile; fileRef = 4C66FEF1282C6AA60062407F /* AppDelegate.swift */; };
		4C95CB4F27F81B3700AABFBA /* multicalcApp.swift in Sources */ = {isa = PBXBuildFile; fileRef = 4C95CB3F27F81B3600AABFBA /* multicalcApp.swift */; };
		4C95CB5027F81B3700AABFBA /* multicalcApp.swift in Sources */ = {isa = PBXBuildFile; fileRef = 4C95CB3F27F81B3600AABFBA /* multicalcApp.swift */; };
		4C95CB5127F81B3700AABFBA /* ContentView.swift in Sources */ = {isa = PBXBuildFile; fileRef = 4C95CB4027F81B3600AABFBA /* ContentView.swift */; };
		4C95CB5227F81B3700AABFBA /* ContentView.swift in Sources */ = {isa = PBXBuildFile; fileRef = 4C95CB4027F81B3600AABFBA /* ContentView.swift */; };
		4C95CB5327F81B3700AABFBA /* Assets.xcassets in Resources */ = {isa = PBXBuildFile; fileRef = 4C95CB4127F81B3700AABFBA /* Assets.xcassets */; };
		4C95CB5427F81B3700AABFBA /* Assets.xcassets in Resources */ = {isa = PBXBuildFile; fileRef = 4C95CB4127F81B3700AABFBA /* Assets.xcassets */; };
		4C9F83BC27F956A200A25DE2 /* WebViewModel.swift in Sources */ = {isa = PBXBuildFile; fileRef = 4C9F83BB27F956A200A25DE2 /* WebViewModel.swift */; };
		4C9F83BD27F956A200A25DE2 /* WebViewModel.swift in Sources */ = {isa = PBXBuildFile; fileRef = 4C9F83BB27F956A200A25DE2 /* WebViewModel.swift */; };
		4C9F83BF27F9586100A25DE2 /* WebView.swift in Sources */ = {isa = PBXBuildFile; fileRef = 4C9F83BE27F9586100A25DE2 /* WebView.swift */; };
		4C9F83C427F95BEF00A25DE2 /* WebView.swift in Sources */ = {isa = PBXBuildFile; fileRef = 4C9F83C227F95BEF00A25DE2 /* WebView.swift */; };
		4C9F83C627F9614700A25DE2 /* WebViewExtensions.swift in Sources */ = {isa = PBXBuildFile; fileRef = 4C9F83C527F9614700A25DE2 /* WebViewExtensions.swift */; };
		4C9F83C727F9614700A25DE2 /* WebViewExtensions.swift in Sources */ = {isa = PBXBuildFile; fileRef = 4C9F83C527F9614700A25DE2 /* WebViewExtensions.swift */; };
		4C9F83CA27FC18CE00A25DE2 /* macOS.swift in Sources */ = {isa = PBXBuildFile; fileRef = 4C9F83C827FC18CE00A25DE2 /* macOS.swift */; };
		4CF003BE282A05E700E1F6A9 /* AppReviewRequest.swift in Sources */ = {isa = PBXBuildFile; fileRef = 4CF003BD282A05E700E1F6A9 /* AppReviewRequest.swift */; };
		4CF003BF282A05E700E1F6A9 /* AppReviewRequest.swift in Sources */ = {isa = PBXBuildFile; fileRef = 4CF003BD282A05E700E1F6A9 /* AppReviewRequest.swift */; };
/* End PBXBuildFile section */

/* Begin PBXFileReference section */
		4C66FEF1282C6AA60062407F /* AppDelegate.swift */ = {isa = PBXFileReference; lastKnownFileType = sourcecode.swift; path = AppDelegate.swift; sourceTree = "<group>"; };
		4C707E9A2814FAAF0081049E /* multicalc--macOS--Info.plist */ = {isa = PBXFileReference; lastKnownFileType = text.plist; path = "multicalc--macOS--Info.plist"; sourceTree = "<group>"; };
		4C707E9B2814FB480081049E /* multicalc--iOS--Info.plist */ = {isa = PBXFileReference; lastKnownFileType = text.plist; path = "multicalc--iOS--Info.plist"; sourceTree = "<group>"; };
		4C95CB3F27F81B3600AABFBA /* multicalcApp.swift */ = {isa = PBXFileReference; lastKnownFileType = sourcecode.swift; path = multicalcApp.swift; sourceTree = "<group>"; };
		4C95CB4027F81B3600AABFBA /* ContentView.swift */ = {isa = PBXFileReference; lastKnownFileType = sourcecode.swift; path = ContentView.swift; sourceTree = "<group>"; };
		4C95CB4127F81B3700AABFBA /* Assets.xcassets */ = {isa = PBXFileReference; lastKnownFileType = folder.assetcatalog; path = Assets.xcassets; sourceTree = "<group>"; };
		4C95CB4627F81B3700AABFBA /* MultiCalc.app */ = {isa = PBXFileReference; explicitFileType = wrapper.application; includeInIndex = 0; path = MultiCalc.app; sourceTree = BUILT_PRODUCTS_DIR; };
		4C95CB4C27F81B3700AABFBA /* MultiCalc.app */ = {isa = PBXFileReference; explicitFileType = wrapper.application; includeInIndex = 0; path = MultiCalc.app; sourceTree = BUILT_PRODUCTS_DIR; };
		4C95CB4E27F81B3700AABFBA /* macOS.entitlements */ = {isa = PBXFileReference; lastKnownFileType = text.plist.entitlements; path = macOS.entitlements; sourceTree = "<group>"; };
		4C9F83BB27F956A200A25DE2 /* WebViewModel.swift */ = {isa = PBXFileReference; lastKnownFileType = sourcecode.swift; path = WebViewModel.swift; sourceTree = "<group>"; };
		4C9F83BE27F9586100A25DE2 /* WebView.swift */ = {isa = PBXFileReference; lastKnownFileType = sourcecode.swift; path = WebView.swift; sourceTree = "<group>"; };
		4C9F83C227F95BEF00A25DE2 /* WebView.swift */ = {isa = PBXFileReference; lastKnownFileType = sourcecode.swift; path = WebView.swift; sourceTree = "<group>"; };
		4C9F83C527F9614700A25DE2 /* WebViewExtensions.swift */ = {isa = PBXFileReference; lastKnownFileType = sourcecode.swift; path = WebViewExtensions.swift; sourceTree = "<group>"; };
		4C9F83C827FC18CE00A25DE2 /* macOS.swift */ = {isa = PBXFileReference; lastKnownFileType = sourcecode.swift; path = macOS.swift; sourceTree = "<group>"; };
		4CF003BD282A05E700E1F6A9 /* AppReviewRequest.swift */ = {isa = PBXFileReference; lastKnownFileType = sourcecode.swift; path = AppReviewRequest.swift; sourceTree = "<group>"; };
/* End PBXFileReference section */

/* Begin PBXFrameworksBuildPhase section */
		4C95CB4327F81B3700AABFBA /* Frameworks */ = {
			isa = PBXFrameworksBuildPhase;
			buildActionMask = 2147483647;
			files = (
			);
			runOnlyForDeploymentPostprocessing = 0;
		};
		4C95CB4927F81B3700AABFBA /* Frameworks */ = {
			isa = PBXFrameworksBuildPhase;
			buildActionMask = 2147483647;
			files = (
			);
			runOnlyForDeploymentPostprocessing = 0;
		};
/* End PBXFrameworksBuildPhase section */

/* Begin PBXGroup section */
		4C95CB3927F81B3600AABFBA = {
			isa = PBXGroup;
			children = (
				4C707E9B2814FB480081049E /* multicalc--iOS--Info.plist */,
				4C707E9A2814FAAF0081049E /* multicalc--macOS--Info.plist */,
				4C9F83C127F9591B00A25DE2 /* iOS */,
				4C95CB3E27F81B3600AABFBA /* Shared */,
				4C95CB4D27F81B3700AABFBA /* macOS */,
				4C95CB4727F81B3700AABFBA /* Products */,
			);
			sourceTree = "<group>";
		};
		4C95CB3E27F81B3600AABFBA /* Shared */ = {
			isa = PBXGroup;
			children = (
				4C95CB3F27F81B3600AABFBA /* multicalcApp.swift */,
				4C95CB4027F81B3600AABFBA /* ContentView.swift */,
				4C95CB4127F81B3700AABFBA /* Assets.xcassets */,
				4C9F83BB27F956A200A25DE2 /* WebViewModel.swift */,
				4C9F83C527F9614700A25DE2 /* WebViewExtensions.swift */,
				4CF003BD282A05E700E1F6A9 /* AppReviewRequest.swift */,
			);
			path = Shared;
			sourceTree = "<group>";
		};
		4C95CB4727F81B3700AABFBA /* Products */ = {
			isa = PBXGroup;
			children = (
				4C95CB4627F81B3700AABFBA /* MultiCalc.app */,
				4C95CB4C27F81B3700AABFBA /* MultiCalc.app */,
			);
			name = Products;
			sourceTree = "<group>";
		};
		4C95CB4D27F81B3700AABFBA /* macOS */ = {
			isa = PBXGroup;
			children = (
				4C95CB4E27F81B3700AABFBA /* macOS.entitlements */,
				4C9F83C227F95BEF00A25DE2 /* WebView.swift */,
				4C9F83C827FC18CE00A25DE2 /* macOS.swift */,
				4C66FEF1282C6AA60062407F /* AppDelegate.swift */,
			);
			path = macOS;
			sourceTree = "<group>";
		};
		4C9F83C127F9591B00A25DE2 /* iOS */ = {
			isa = PBXGroup;
			children = (
				4C9F83BE27F9586100A25DE2 /* WebView.swift */,
			);
			path = iOS;
			sourceTree = "<group>";
		};
/* End PBXGroup section */

/* Begin PBXNativeTarget section */
		4C95CB4527F81B3700AABFBA /* multicalc (iOS) */ = {
			isa = PBXNativeTarget;
			buildConfigurationList = 4C95CB5727F81B3700AABFBA /* Build configuration list for PBXNativeTarget "multicalc (iOS)" */;
			buildPhases = (
				4C95CB4227F81B3700AABFBA /* Sources */,
				4C95CB4327F81B3700AABFBA /* Frameworks */,
				4C95CB4427F81B3700AABFBA /* Resources */,
			);
			buildRules = (
			);
			dependencies = (
			);
			name = "multicalc (iOS)";
			productName = "multicalc (iOS)";
			productReference = 4C95CB4627F81B3700AABFBA /* MultiCalc.app */;
			productType = "com.apple.product-type.application";
		};
		4C95CB4B27F81B3700AABFBA /* multicalc (macOS) */ = {
			isa = PBXNativeTarget;
			buildConfigurationList = 4C95CB5A27F81B3700AABFBA /* Build configuration list for PBXNativeTarget "multicalc (macOS)" */;
			buildPhases = (
				4C95CB4827F81B3700AABFBA /* Sources */,
				4C95CB4927F81B3700AABFBA /* Frameworks */,
				4C95CB4A27F81B3700AABFBA /* Resources */,
			);
			buildRules = (
			);
			dependencies = (
			);
			name = "multicalc (macOS)";
			productName = "multicalc (macOS)";
			productReference = 4C95CB4C27F81B3700AABFBA /* MultiCalc.app */;
			productType = "com.apple.product-type.application";
		};
/* End PBXNativeTarget section */

/* Begin PBXProject section */
		4C95CB3A27F81B3600AABFBA /* Project object */ = {
			isa = PBXProject;
			attributes = {
				BuildIndependentTargetsInParallel = 1;
				LastSwiftUpdateCheck = 1330;
				LastUpgradeCheck = 1330;
				TargetAttributes = {
					4C95CB4527F81B3700AABFBA = {
						CreatedOnToolsVersion = 13.3;
					};
					4C95CB4B27F81B3700AABFBA = {
						CreatedOnToolsVersion = 13.3;
					};
				};
			};
			buildConfigurationList = 4C95CB3D27F81B3600AABFBA /* Build configuration list for PBXProject "multicalc" */;
			compatibilityVersion = "Xcode 13.0";
			developmentRegion = en;
			hasScannedForEncodings = 0;
			knownRegions = (
				en,
				Base,
			);
			mainGroup = 4C95CB3927F81B3600AABFBA;
			productRefGroup = 4C95CB4727F81B3700AABFBA /* Products */;
			projectDirPath = "";
			projectRoot = "";
			targets = (
				4C95CB4527F81B3700AABFBA /* multicalc (iOS) */,
				4C95CB4B27F81B3700AABFBA /* multicalc (macOS) */,
			);
		};
/* End PBXProject section */

/* Begin PBXResourcesBuildPhase section */
		4C95CB4427F81B3700AABFBA /* Resources */ = {
			isa = PBXResourcesBuildPhase;
			buildActionMask = 2147483647;
			files = (
				4C95CB5327F81B3700AABFBA /* Assets.xcassets in Resources */,
			);
			runOnlyForDeploymentPostprocessing = 0;
		};
		4C95CB4A27F81B3700AABFBA /* Resources */ = {
			isa = PBXResourcesBuildPhase;
			buildActionMask = 2147483647;
			files = (
				4C95CB5427F81B3700AABFBA /* Assets.xcassets in Resources */,
			);
			runOnlyForDeploymentPostprocessing = 0;
		};
/* End PBXResourcesBuildPhase section */

/* Begin PBXSourcesBuildPhase section */
		4C95CB4227F81B3700AABFBA /* Sources */ = {
			isa = PBXSourcesBuildPhase;
			buildActionMask = 2147483647;
			files = (
				4C9F83C627F9614700A25DE2 /* WebViewExtensions.swift in Sources */,
				4C95CB5127F81B3700AABFBA /* ContentView.swift in Sources */,
				4C9F83BF27F9586100A25DE2 /* WebView.swift in Sources */,
				4CF003BE282A05E700E1F6A9 /* AppReviewRequest.swift in Sources */,
				4C9F83BC27F956A200A25DE2 /* WebViewModel.swift in Sources */,
				4C95CB4F27F81B3700AABFBA /* multicalcApp.swift in Sources */,
			);
			runOnlyForDeploymentPostprocessing = 0;
		};
		4C95CB4827F81B3700AABFBA /* Sources */ = {
			isa = PBXSourcesBuildPhase;
			buildActionMask = 2147483647;
			files = (
				4CF003BF282A05E700E1F6A9 /* AppReviewRequest.swift in Sources */,
				4C9F83C727F9614700A25DE2 /* WebViewExtensions.swift in Sources */,
				4C9F83CA27FC18CE00A25DE2 /* macOS.swift in Sources */,
				4C95CB5227F81B3700AABFBA /* ContentView.swift in Sources */,
				4C9F83C427F95BEF00A25DE2 /* WebView.swift in Sources */,
				4C66FEF2282C6AA60062407F /* AppDelegate.swift in Sources */,
				4C9F83BD27F956A200A25DE2 /* WebViewModel.swift in Sources */,
				4C95CB5027F81B3700AABFBA /* multicalcApp.swift in Sources */,
			);
			runOnlyForDeploymentPostprocessing = 0;
		};
/* End PBXSourcesBuildPhase section */

/* Begin XCBuildConfiguration section */
		4C95CB5527F81B3700AABFBA /* Debug */ = {
			isa = XCBuildConfiguration;
			buildSettings = {
				ALWAYS_SEARCH_USER_PATHS = NO;
				CLANG_ANALYZER_NONNULL = YES;
				CLANG_ANALYZER_NUMBER_OBJECT_CONVERSION = YES_AGGRESSIVE;
				CLANG_CXX_LANGUAGE_STANDARD = "gnu++17";
				CLANG_ENABLE_MODULES = YES;
				CLANG_ENABLE_OBJC_ARC = YES;
				CLANG_ENABLE_OBJC_WEAK = YES;
				CLANG_WARN_BLOCK_CAPTURE_AUTORELEASING = YES;
				CLANG_WARN_BOOL_CONVERSION = YES;
				CLANG_WARN_COMMA = YES;
				CLANG_WARN_CONSTANT_CONVERSION = YES;
				CLANG_WARN_DEPRECATED_OBJC_IMPLEMENTATIONS = YES;
				CLANG_WARN_DIRECT_OBJC_ISA_USAGE = YES_ERROR;
				CLANG_WARN_DOCUMENTATION_COMMENTS = YES;
				CLANG_WARN_EMPTY_BODY = YES;
				CLANG_WARN_ENUM_CONVERSION = YES;
				CLANG_WARN_INFINITE_RECURSION = YES;
				CLANG_WARN_INT_CONVERSION = YES;
				CLANG_WARN_NON_LITERAL_NULL_CONVERSION = YES;
				CLANG_WARN_OBJC_IMPLICIT_RETAIN_SELF = YES;
				CLANG_WARN_OBJC_LITERAL_CONVERSION = YES;
				CLANG_WARN_OBJC_ROOT_CLASS = YES_ERROR;
				CLANG_WARN_QUOTED_INCLUDE_IN_FRAMEWORK_HEADER = YES;
				CLANG_WARN_RANGE_LOOP_ANALYSIS = YES;
				CLANG_WARN_STRICT_PROTOTYPES = YES;
				CLANG_WARN_SUSPICIOUS_MOVE = YES;
				CLANG_WARN_UNGUARDED_AVAILABILITY = YES_AGGRESSIVE;
				CLANG_WARN_UNREACHABLE_CODE = YES;
				CLANG_WARN__DUPLICATE_METHOD_MATCH = YES;
				COPY_PHASE_STRIP = NO;
				DEBUG_INFORMATION_FORMAT = dwarf;
				ENABLE_STRICT_OBJC_MSGSEND = YES;
				ENABLE_TESTABILITY = YES;
				GCC_C_LANGUAGE_STANDARD = gnu11;
				GCC_DYNAMIC_NO_PIC = NO;
				GCC_NO_COMMON_BLOCKS = YES;
				GCC_OPTIMIZATION_LEVEL = 0;
				GCC_PREPROCESSOR_DEFINITIONS = (
					"DEBUG=1",
					"$(inherited)",
				);
				GCC_WARN_64_TO_32_BIT_CONVERSION = YES;
				GCC_WARN_ABOUT_RETURN_TYPE = YES_ERROR;
				GCC_WARN_UNDECLARED_SELECTOR = YES;
				GCC_WARN_UNINITIALIZED_AUTOS = YES_AGGRESSIVE;
				GCC_WARN_UNUSED_FUNCTION = YES;
				GCC_WARN_UNUSED_VARIABLE = YES;
				MTL_ENABLE_DEBUG_INFO = INCLUDE_SOURCE;
				MTL_FAST_MATH = YES;
				ONLY_ACTIVE_ARCH = YES;
				SWIFT_ACTIVE_COMPILATION_CONDITIONS = DEBUG;
				SWIFT_OPTIMIZATION_LEVEL = "-Onone";
			};
			name = Debug;
		};
		4C95CB5627F81B3700AABFBA /* Release */ = {
			isa = XCBuildConfiguration;
			buildSettings = {
				ALWAYS_SEARCH_USER_PATHS = NO;
				CLANG_ANALYZER_NONNULL = YES;
				CLANG_ANALYZER_NUMBER_OBJECT_CONVERSION = YES_AGGRESSIVE;
				CLANG_CXX_LANGUAGE_STANDARD = "gnu++17";
				CLANG_ENABLE_MODULES = YES;
				CLANG_ENABLE_OBJC_ARC = YES;
				CLANG_ENABLE_OBJC_WEAK = YES;
				CLANG_WARN_BLOCK_CAPTURE_AUTORELEASING = YES;
				CLANG_WARN_BOOL_CONVERSION = YES;
				CLANG_WARN_COMMA = YES;
				CLANG_WARN_CONSTANT_CONVERSION = YES;
				CLANG_WARN_DEPRECATED_OBJC_IMPLEMENTATIONS = YES;
				CLANG_WARN_DIRECT_OBJC_ISA_USAGE = YES_ERROR;
				CLANG_WARN_DOCUMENTATION_COMMENTS = YES;
				CLANG_WARN_EMPTY_BODY = YES;
				CLANG_WARN_ENUM_CONVERSION = YES;
				CLANG_WARN_INFINITE_RECURSION = YES;
				CLANG_WARN_INT_CONVERSION = YES;
				CLANG_WARN_NON_LITERAL_NULL_CONVERSION = YES;
				CLANG_WARN_OBJC_IMPLICIT_RETAIN_SELF = YES;
				CLANG_WARN_OBJC_LITERAL_CONVERSION = YES;
				CLANG_WARN_OBJC_ROOT_CLASS = YES_ERROR;
				CLANG_WARN_QUOTED_INCLUDE_IN_FRAMEWORK_HEADER = YES;
				CLANG_WARN_RANGE_LOOP_ANALYSIS = YES;
				CLANG_WARN_STRICT_PROTOTYPES = YES;
				CLANG_WARN_SUSPICIOUS_MOVE = YES;
				CLANG_WARN_UNGUARDED_AVAILABILITY = YES_AGGRESSIVE;
				CLANG_WARN_UNREACHABLE_CODE = YES;
				CLANG_WARN__DUPLICATE_METHOD_MATCH = YES;
				COPY_PHASE_STRIP = NO;
				DEBUG_INFORMATION_FORMAT = "dwarf-with-dsym";
				ENABLE_NS_ASSERTIONS = NO;
				ENABLE_STRICT_OBJC_MSGSEND = YES;
				GCC_C_LANGUAGE_STANDARD = gnu11;
				GCC_NO_COMMON_BLOCKS = YES;
				GCC_WARN_64_TO_32_BIT_CONVERSION = YES;
				GCC_WARN_ABOUT_RETURN_TYPE = YES_ERROR;
				GCC_WARN_UNDECLARED_SELECTOR = YES;
				GCC_WARN_UNINITIALIZED_AUTOS = YES_AGGRESSIVE;
				GCC_WARN_UNUSED_FUNCTION = YES;
				GCC_WARN_UNUSED_VARIABLE = YES;
				MTL_ENABLE_DEBUG_INFO = NO;
				MTL_FAST_MATH = YES;
				SWIFT_COMPILATION_MODE = wholemodule;
				SWIFT_OPTIMIZATION_LEVEL = "-O";
			};
			name = Release;
		};
		4C95CB5827F81B3700AABFBA /* Debug */ = {
			isa = XCBuildConfiguration;
			buildSettings = {
				ASSETCATALOG_COMPILER_APPICON_NAME = AppIcon;
				ASSETCATALOG_COMPILER_GLOBAL_ACCENT_COLOR_NAME = AccentColor;
				CODE_SIGN_STYLE = Automatic;
				CURRENT_PROJECT_VERSION = 9;
				DEVELOPMENT_TEAM = JM3K789V38;
				ENABLE_PREVIEWS = YES;
				GENERATE_INFOPLIST_FILE = YES;
				INFOPLIST_FILE = "multicalc--iOS--Info.plist";
				INFOPLIST_KEY_UIApplicationSceneManifest_Generation = YES;
				INFOPLIST_KEY_UIApplicationSupportsIndirectInputEvents = YES;
				INFOPLIST_KEY_UILaunchScreen_Generation = YES;
				INFOPLIST_KEY_UISupportedInterfaceOrientations_iPad = "UIInterfaceOrientationPortrait UIInterfaceOrientationPortraitUpsideDown UIInterfaceOrientationLandscapeLeft UIInterfaceOrientationLandscapeRight";
				INFOPLIST_KEY_UISupportedInterfaceOrientations_iPhone = "UIInterfaceOrientationPortrait UIInterfaceOrientationLandscapeLeft UIInterfaceOrientationLandscapeRight";
				IPHONEOS_DEPLOYMENT_TARGET = 14.0;
				LD_RUNPATH_SEARCH_PATHS = (
					"$(inherited)",
					"@executable_path/Frameworks",
				);
				MARKETING_VERSION = 1.0.8;
				PRODUCT_BUNDLE_IDENTIFIER = com.talex.www.multicalc;
				PRODUCT_NAME = MultiCalc;
				SDKROOT = iphoneos;
				SWIFT_EMIT_LOC_STRINGS = YES;
				SWIFT_VERSION = 5.0;
				TARGETED_DEVICE_FAMILY = "1,2";
			};
			name = Debug;
		};
		4C95CB5927F81B3700AABFBA /* Release */ = {
			isa = XCBuildConfiguration;
			buildSettings = {
				ASSETCATALOG_COMPILER_APPICON_NAME = AppIcon;
				ASSETCATALOG_COMPILER_GLOBAL_ACCENT_COLOR_NAME = AccentColor;
				CODE_SIGN_STYLE = Automatic;
				CURRENT_PROJECT_VERSION = 9;
				DEVELOPMENT_TEAM = JM3K789V38;
				ENABLE_PREVIEWS = YES;
				GENERATE_INFOPLIST_FILE = YES;
				INFOPLIST_FILE = "multicalc--iOS--Info.plist";
				INFOPLIST_KEY_UIApplicationSceneManifest_Generation = YES;
				INFOPLIST_KEY_UIApplicationSupportsIndirectInputEvents = YES;
				INFOPLIST_KEY_UILaunchScreen_Generation = YES;
				INFOPLIST_KEY_UISupportedInterfaceOrientations_iPad = "UIInterfaceOrientationPortrait UIInterfaceOrientationPortraitUpsideDown UIInterfaceOrientationLandscapeLeft UIInterfaceOrientationLandscapeRight";
				INFOPLIST_KEY_UISupportedInterfaceOrientations_iPhone = "UIInterfaceOrientationPortrait UIInterfaceOrientationLandscapeLeft UIInterfaceOrientationLandscapeRight";
				IPHONEOS_DEPLOYMENT_TARGET = 14.0;
				LD_RUNPATH_SEARCH_PATHS = (
					"$(inherited)",
					"@executable_path/Frameworks",
				);
				MARKETING_VERSION = 1.0.8;
				PRODUCT_BUNDLE_IDENTIFIER = com.talex.www.multicalc;
				PRODUCT_NAME = MultiCalc;
				SDKROOT = iphoneos;
				SWIFT_EMIT_LOC_STRINGS = YES;
				SWIFT_VERSION = 5.0;
				TARGETED_DEVICE_FAMILY = "1,2";
				VALIDATE_PRODUCT = YES;
			};
			name = Release;
		};
		4C95CB5B27F81B3700AABFBA /* Debug */ = {
			isa = XCBuildConfiguration;
			buildSettings = {
				ASSETCATALOG_COMPILER_APPICON_NAME = AppIcon;
				ASSETCATALOG_COMPILER_GLOBAL_ACCENT_COLOR_NAME = AccentColor;
				CODE_SIGN_ENTITLEMENTS = macOS/macOS.entitlements;
				CODE_SIGN_STYLE = Automatic;
				COMBINE_HIDPI_IMAGES = YES;
				CURRENT_PROJECT_VERSION = 9;
				DEVELOPMENT_TEAM = JM3K789V38;
				ENABLE_HARDENED_RUNTIME = YES;
				ENABLE_PREVIEWS = YES;
				GENERATE_INFOPLIST_FILE = YES;
				INFOPLIST_FILE = "multicalc--macOS--Info.plist";
				INFOPLIST_KEY_LSApplicationCategoryType = "public.app-category.utilities";
				INFOPLIST_KEY_NSHumanReadableCopyright = "";
				LD_RUNPATH_SEARCH_PATHS = (
					"$(inherited)",
					"@executable_path/../Frameworks",
				);
				MACOSX_DEPLOYMENT_TARGET = 11.0;
				MARKETING_VERSION = 1.0.8;
				PRODUCT_BUNDLE_IDENTIFIER = com.talex.www.multicalc;
				PRODUCT_NAME = MultiCalc;
				SDKROOT = macosx;
				SWIFT_EMIT_LOC_STRINGS = YES;
				SWIFT_VERSION = 5.0;
			};
			name = Debug;
		};
		4C95CB5C27F81B3700AABFBA /* Release */ = {
			isa = XCBuildConfiguration;
			buildSettings = {
				ASSETCATALOG_COMPILER_APPICON_NAME = AppIcon;
				ASSETCATALOG_COMPILER_GLOBAL_ACCENT_COLOR_NAME = AccentColor;
				CODE_SIGN_ENTITLEMENTS = macOS/macOS.entitlements;
				CODE_SIGN_STYLE = Automatic;
				COMBINE_HIDPI_IMAGES = YES;
				CURRENT_PROJECT_VERSION = 9;
				DEVELOPMENT_TEAM = JM3K789V38;
				ENABLE_HARDENED_RUNTIME = YES;
				ENABLE_PREVIEWS = YES;
				GENERATE_INFOPLIST_FILE = YES;
				INFOPLIST_FILE = "multicalc--macOS--Info.plist";
				INFOPLIST_KEY_LSApplicationCategoryType = "public.app-category.utilities";
				INFOPLIST_KEY_NSHumanReadableCopyright = "";
				LD_RUNPATH_SEARCH_PATHS = (
					"$(inherited)",
					"@executable_path/../Frameworks",
				);
				MACOSX_DEPLOYMENT_TARGET = 11.0;
				MARKETING_VERSION = 1.0.8;
				PRODUCT_BUNDLE_IDENTIFIER = com.talex.www.multicalc;
				PRODUCT_NAME = MultiCalc;
				SDKROOT = macosx;
				SWIFT_EMIT_LOC_STRINGS = YES;
				SWIFT_VERSION = 5.0;
			};
			name = Release;
		};
/* End XCBuildConfiguration section */

/* Begin XCConfigurationList section */
		4C95CB3D27F81B3600AABFBA /* Build configuration list for PBXProject "multicalc" */ = {
			isa = XCConfigurationList;
			buildConfigurations = (
				4C95CB5527F81B3700AABFBA /* Debug */,
				4C95CB5627F81B3700AABFBA /* Release */,
			);
			defaultConfigurationIsVisible = 0;
			defaultConfigurationName = Release;
		};
		4C95CB5727F81B3700AABFBA /* Build configuration list for PBXNativeTarget "multicalc (iOS)" */ = {
			isa = XCConfigurationList;
			buildConfigurations = (
				4C95CB5827F81B3700AABFBA /* Debug */,
				4C95CB5927F81B3700AABFBA /* Release */,
			);
			defaultConfigurationIsVisible = 0;
			defaultConfigurationName = Release;
		};
		4C95CB5A27F81B3700AABFBA /* Build configuration list for PBXNativeTarget "multicalc (macOS)" */ = {
			isa = XCConfigurationList;
			buildConfigurations = (
				4C95CB5B27F81B3700AABFBA /* Debug */,
				4C95CB5C27F81B3700AABFBA /* Release */,
			);
			defaultConfigurationIsVisible = 0;
			defaultConfigurationName = Release;
		};
/* End XCConfigurationList section */
	};
	rootObject = 4C95CB3A27F81B3600AABFBA /* Project object */;
}
