{
  "name": "@talex/ng-common",
  "version": "0.0.1",
  "lockfileVersion": 1,
  "requires": true,
  "dependencies": {
    "@types/tinycolor2": {
      "version": "1.4.1",
      "resolved": "https://registry.npmjs.org/@types/tinycolor2/-/tinycolor2-1.4.1.tgz",
      "integrity": "sha512-25L/RL5tqZkquKXVHM1fM2bd23qjfbcPpAZ2N/H05Y45g3UEi+Hw8CbDV28shKY8gH1SHiLpZSxPI1lacqdpGg=="
    },
    "tinycolor2": {
      "version": "1.4.1",
      "resolved": "https://registry.npmjs.org/tinycolor2/-/tinycolor2-1.4.1.tgz",
      "integrity": "sha1-9PrTM0R7wLB9TcjpIJ2POaisd+g="
    }
  }
}
